// !$*UTF8*$!
{
	archiveVersion = 1;
	classes = {
	};
	objectVersion = 52;
	objects = {

/* Begin PBXBuildFile section */
		74DEF8B826BA0044007362C7 /* AppDelegate.swift in Sources */ = {isa = PBXBuildFile; fileRef = 74DEF8B726BA0044007362C7 /* AppDelegate.swift */; };
		74DEF8BA26BA0044007362C7 /* ViewController.swift in Sources */ = {isa = PBXBuildFile; fileRef = 74DEF8B926BA0044007362C7 /* ViewController.swift */; };
		74DEF8BC26BA0048007362C7 /* Assets.xcassets in Resources */ = {isa = PBXBuildFile; fileRef = 74DEF8BB26BA0048007362C7 /* Assets.xcassets */; };
		74DEF8BF26BA0048007362C7 /* Main.storyboard in Resources */ = {isa = PBXBuildFile; fileRef = 74DEF8BD26BA0048007362C7 /* Main.storyboard */; };
		74DEF8D026BAEBE1007362C7 /* CaffeineKit in Frameworks */ = {isa = PBXBuildFile; productRef = 74DEF8CF26BAEBE1007362C7 /* CaffeineKit */; };
		74F10C4226CD57370084FB44 /* AboutViewController.swift in Sources */ = {isa = PBXBuildFile; fileRef = 74F10C4126CD57370084FB44 /* AboutViewController.swift */; };
/* End PBXBuildFile section */

/* Begin PBXFileReference section */
		74DEF8B426BA0043007362C7 /* Perky.app */ = {isa = PBXFileReference; explicitFileType = wrapper.application; includeInIndex = 0; path = Perky.app; sourceTree = BUILT_PRODUCTS_DIR; };
		74DEF8B726BA0044007362C7 /* AppDelegate.swift */ = {isa = PBXFileReference; lastKnownFileType = sourcecode.swift; path = AppDelegate.swift; sourceTree = "<group>"; };
		74DEF8B926BA0044007362C7 /* ViewController.swift */ = {isa = PBXFileReference; lastKnownFileType = sourcecode.swift; path = ViewController.swift; sourceTree = "<group>"; };
		74DEF8BB26BA0048007362C7 /* Assets.xcassets */ = {isa = PBXFileReference; lastKnownFileType = folder.assetcatalog; path = Assets.xcassets; sourceTree = "<group>"; };
		74DEF8BE26BA0048007362C7 /* Base */ = {isa = PBXFileReference; lastKnownFileType = file.storyboard; name = Base; path = Base.lproj/Main.storyboard; sourceTree = "<group>"; };
		74DEF8C026BA0048007362C7 /* Info.plist */ = {isa = PBXFileReference; lastKnownFileType = text.plist.xml; path = Info.plist; sourceTree = "<group>"; };
		74DEF8C126BA0048007362C7 /* Perky.entitlements */ = {isa = PBXFileReference; lastKnownFileType = text.plist.entitlements; path = Perky.entitlements; sourceTree = "<group>"; };
		74F10C4126CD57370084FB44 /* AboutViewController.swift */ = {isa = PBXFileReference; lastKnownFileType = sourcecode.swift; path = AboutViewController.swift; sourceTree = "<group>"; };
/* End PBXFileReference section */

/* Begin PBXFrameworksBuildPhase section */
		74DEF8B126BA0043007362C7 /* Frameworks */ = {
			isa = PBXFrameworksBuildPhase;
			buildActionMask = 2147483647;
			files = (
				74DEF8D026BAEBE1007362C7 /* CaffeineKit in Frameworks */,
			);
			runOnlyForDeploymentPostprocessing = 0;
		};
/* End PBXFrameworksBuildPhase section */

/* Begin PBXGroup section */
		74DEF8AB26BA0043007362C7 = {
			isa = PBXGroup;
			children = (
				74DEF8B626BA0043007362C7 /* Perky */,
				74DEF8B526BA0043007362C7 /* Products */,
			);
			sourceTree = "<group>";
		};
		74DEF8B526BA0043007362C7 /* Products */ = {
			isa = PBXGroup;
			children = (
				74DEF8B426BA0043007362C7 /* Perky.app */,
			);
			name = Products;
			sourceTree = "<group>";
		};
		74DEF8B626BA0043007362C7 /* Perky */ = {
			isa = PBXGroup;
			children = (
				74DEF8B726BA0044007362C7 /* AppDelegate.swift */,
				74DEF8B926BA0044007362C7 /* ViewController.swift */,
				74F10C4126CD57370084FB44 /* AboutViewController.swift */,
				74DEF8BD26BA0048007362C7 /* Main.storyboard */,
				74DEF8BB26BA0048007362C7 /* Assets.xcassets */,
				74DEF8C026BA0048007362C7 /* Info.plist */,
				74DEF8C126BA0048007362C7 /* Perky.entitlements */,
			);
			path = Perky;
			sourceTree = "<group>";
		};
/* End PBXGroup section */

/* Begin PBXNativeTarget section */
		74DEF8B326BA0043007362C7 /* Perky */ = {
			isa = PBXNativeTarget;
			buildConfigurationList = 74DEF8C426BA0048007362C7 /* Build configuration list for PBXNativeTarget "Perky" */;
			buildPhases = (
				74DEF8B026BA0043007362C7 /* Sources */,
				74DEF8B126BA0043007362C7 /* Frameworks */,
				74DEF8B226BA0043007362C7 /* Resources */,
			);
			buildRules = (
			);
			dependencies = (
			);
			name = Perky;
			packageProductDependencies = (
				74DEF8CF26BAEBE1007362C7 /* CaffeineKit */,
			);
			productName = Perky;
			productReference = 74DEF8B426BA0043007362C7 /* Perky.app */;
			productType = "com.apple.product-type.application";
		};
/* End PBXNativeTarget section */

/* Begin PBXProject section */
		74DEF8AC26BA0043007362C7 /* Project object */ = {
			isa = PBXProject;
			attributes = {
				LastSwiftUpdateCheck = 1250;
				LastUpgradeCheck = 1310;
				TargetAttributes = {
					74DEF8B326BA0043007362C7 = {
						CreatedOnToolsVersion = 12.5.1;
					};
				};
			};
			buildConfigurationList = 74DEF8AF26BA0043007362C7 /* Build configuration list for PBXProject "Perky" */;
			compatibilityVersion = "Xcode 9.3";
			developmentRegion = en;
			hasScannedForEncodings = 0;
			knownRegions = (
				en,
				Base,
			);
			mainGroup = 74DEF8AB26BA0043007362C7;
			packageReferences = (
				74DEF8CE26BAEBE1007362C7 /* XCRemoteSwiftPackageReference "CaffeineKit" */,
			);
			productRefGroup = 74DEF8B526BA0043007362C7 /* Products */;
			projectDirPath = "";
			projectRoot = "";
			targets = (
				74DEF8B326BA0043007362C7 /* Perky */,
			);
		};
/* End PBXProject section */

/* Begin PBXResourcesBuildPhase section */
		74DEF8B226BA0043007362C7 /* Resources */ = {
			isa = PBXResourcesBuildPhase;
			buildActionMask = 2147483647;
			files = (
				74DEF8BC26BA0048007362C7 /* Assets.xcassets in Resources */,
				74DEF8BF26BA0048007362C7 /* Main.storyboard in Resources */,
			);
			runOnlyForDeploymentPostprocessing = 0;
		};
/* End PBXResourcesBuildPhase section */

/* Begin PBXSourcesBuildPhase section */
		74DEF8B026BA0043007362C7 /* Sources */ = {
			isa = PBXSourcesBuildPhase;
			buildActionMask = 2147483647;
			files = (
				74DEF8BA26BA0044007362C7 /* ViewController.swift in Sources */,
				74F10C4226CD57370084FB44 /* AboutViewController.swift in Sources */,
				74DEF8B826BA0044007362C7 /* AppDelegate.swift in Sources */,
			);
			runOnlyForDeploymentPostprocessing = 0;
		};
/* End PBXSourcesBuildPhase section */

/* Begin PBXVariantGroup section */
		74DEF8BD26BA0048007362C7 /* Main.storyboard */ = {
			isa = PBXVariantGroup;
			children = (
				74DEF8BE26BA0048007362C7 /* Base */,
			);
			name = Main.storyboard;
			sourceTree = "<group>";
		};
/* End PBXVariantGroup section */

/* Begin XCBuildConfiguration section */
		74DEF8C226BA0048007362C7 /* Debug */ = {
			isa = XCBuildConfiguration;
			buildSettings = {
				ALWAYS_SEARCH_USER_PATHS = NO;
				CLANG_ANALYZER_NONNULL = YES;
				CLANG_ANALYZER_NUMBER_OBJECT_CONVERSION = YES_AGGRESSIVE;
				CLANG_CXX_LANGUAGE_STANDARD = "gnu++14";
				CLANG_CXX_LIBRARY = "libc++";
				CLANG_ENABLE_MODULES = YES;
				CLANG_ENABLE_OBJC_ARC = YES;
				CLANG_ENABLE_OBJC_WEAK = YES;
				CLANG_WARN_BLOCK_CAPTURE_AUTORELEASING = YES;
				CLANG_WARN_BOOL_CONVERSION = YES;
				CLANG_WARN_COMMA = YES;
				CLANG_WARN_CONSTANT_CONVERSION = YES;
				CLANG_WARN_DEPRECATED_OBJC_IMPLEMENTATIONS = YES;
				CLANG_WARN_DIRECT_OBJC_ISA_USAGE = YES_ERROR;
				CLANG_WARN_DOCUMENTATION_COMMENTS = YES;
				CLANG_WARN_EMPTY_BODY = YES;
				CLANG_WARN_ENUM_CONVERSION = YES;
				CLANG_WARN_INFINITE_RECURSION = YES;
				CLANG_WARN_INT_CONVERSION = YES;
				CLANG_WARN_NON_LITERAL_NULL_CONVERSION = YES;
				CLANG_WARN_OBJC_IMPLICIT_RETAIN_SELF = YES;
				CLANG_WARN_OBJC_LITERAL_CONVERSION = YES;
				CLANG_WARN_OBJC_ROOT_CLASS = YES_ERROR;
				CLANG_WARN_QUOTED_INCLUDE_IN_FRAMEWORK_HEADER = YES;
				CLANG_WARN_RANGE_LOOP_ANALYSIS = YES;
				CLANG_WARN_STRICT_PROTOTYPES = YES;
				CLANG_WARN_SUSPICIOUS_MOVE = YES;
				CLANG_WARN_UNGUARDED_AVAILABILITY = YES_AGGRESSIVE;
				CLANG_WARN_UNREACHABLE_CODE = YES;
				CLANG_WARN__DUPLICATE_METHOD_MATCH = YES;
				COPY_PHASE_STRIP = NO;
				DEBUG_INFORMATION_FORMAT = dwarf;
				ENABLE_STRICT_OBJC_MSGSEND = YES;
				ENABLE_TESTABILITY = YES;
				GCC_C_LANGUAGE_STANDARD = gnu11;
				GCC_DYNAMIC_NO_PIC = NO;
				GCC_NO_COMMON_BLOCKS = YES;
				GCC_OPTIMIZATION_LEVEL = 0;
				GCC_PREPROCESSOR_DEFINITIONS = (
					"DEBUG=1",
					"$(inherited)",
				);
				GCC_WARN_64_TO_32_BIT_CONVERSION = YES;
				GCC_WARN_ABOUT_RETURN_TYPE = YES_ERROR;
				GCC_WARN_UNDECLARED_SELECTOR = YES;
				GCC_WARN_UNINITIALIZED_AUTOS = YES_AGGRESSIVE;
				GCC_WARN_UNUSED_FUNCTION = YES;
				GCC_WARN_UNUSED_VARIABLE = YES;
				MACOSX_DEPLOYMENT_TARGET = 11.5;
				MTL_ENABLE_DEBUG_INFO = INCLUDE_SOURCE;
				MTL_FAST_MATH = YES;
				ONLY_ACTIVE_ARCH = YES;
				SDKROOT = macosx;
				SWIFT_ACTIVE_COMPILATION_CONDITIONS = DEBUG;
				SWIFT_OPTIMIZATION_LEVEL = "-Onone";
			};
			name = Debug;
		};
		74DEF8C326BA0048007362C7 /* Release */ = {
			isa = XCBuildConfiguration;
			buildSettings = {
				ALWAYS_SEARCH_USER_PATHS = NO;
				CLANG_ANALYZER_NONNULL = YES;
				CLANG_ANALYZER_NUMBER_OBJECT_CONVERSION = YES_AGGRESSIVE;
				CLANG_CXX_LANGUAGE_STANDARD = "gnu++14";
				CLANG_CXX_LIBRARY = "libc++";
				CLANG_ENABLE_MODULES = YES;
				CLANG_ENABLE_OBJC_ARC = YES;
				CLANG_ENABLE_OBJC_WEAK = YES;
				CLANG_WARN_BLOCK_CAPTURE_AUTORELEASING = YES;
				CLANG_WARN_BOOL_CONVERSION = YES;
				CLANG_WARN_COMMA = YES;
				CLANG_WARN_CONSTANT_CONVERSION = YES;
				CLANG_WARN_DEPRECATED_OBJC_IMPLEMENTATIONS = YES;
				CLANG_WARN_DIRECT_OBJC_ISA_USAGE = YES_ERROR;
				CLANG_WARN_DOCUMENTATION_COMMENTS = YES;
				CLANG_WARN_EMPTY_BODY = YES;
				CLANG_WARN_ENUM_CONVERSION = YES;
				CLANG_WARN_INFINITE_RECURSION = YES;
				CLANG_WARN_INT_CONVERSION = YES;
				CLANG_WARN_NON_LITERAL_NULL_CONVERSION = YES;
				CLANG_WARN_OBJC_IMPLICIT_RETAIN_SELF = YES;
				CLANG_WARN_OBJC_LITERAL_CONVERSION = YES;
				CLANG_WARN_OBJC_ROOT_CLASS = YES_ERROR;
				CLANG_WARN_QUOTED_INCLUDE_IN_FRAMEWORK_HEADER = YES;
				CLANG_WARN_RANGE_LOOP_ANALYSIS = YES;
				CLANG_WARN_STRICT_PROTOTYPES = YES;
				CLANG_WARN_SUSPICIOUS_MOVE = YES;
				CLANG_WARN_UNGUARDED_AVAILABILITY = YES_AGGRESSIVE;
				CLANG_WARN_UNREACHABLE_CODE = YES;
				CLANG_WARN__DUPLICATE_METHOD_MATCH = YES;
				COPY_PHASE_STRIP = NO;
				DEBUG_INFORMATION_FORMAT = "dwarf-with-dsym";
				ENABLE_NS_ASSERTIONS = NO;
				ENABLE_STRICT_OBJC_MSGSEND = YES;
				GCC_C_LANGUAGE_STANDARD = gnu11;
				GCC_NO_COMMON_BLOCKS = YES;
				GCC_WARN_64_TO_32_BIT_CONVERSION = YES;
				GCC_WARN_ABOUT_RETURN_TYPE = YES_ERROR;
				GCC_WARN_UNDECLARED_SELECTOR = YES;
				GCC_WARN_UNINITIALIZED_AUTOS = YES_AGGRESSIVE;
				GCC_WARN_UNUSED_FUNCTION = YES;
				GCC_WARN_UNUSED_VARIABLE = YES;
				MACOSX_DEPLOYMENT_TARGET = 11.5;
				MTL_ENABLE_DEBUG_INFO = NO;
				MTL_FAST_MATH = YES;
				SDKROOT = macosx;
				SWIFT_COMPILATION_MODE = wholemodule;
				SWIFT_OPTIMIZATION_LEVEL = "-O";
			};
			name = Release;
		};
		74DEF8C526BA0048007362C7 /* Debug */ = {
			isa = XCBuildConfiguration;
			buildSettings = {
				ASSETCATALOG_COMPILER_APPICON_NAME = AppIcon;
				ASSETCATALOG_COMPILER_GLOBAL_ACCENT_COLOR_NAME = AccentColor;
				CODE_SIGN_ENTITLEMENTS = Perky/Perky.entitlements;
				CODE_SIGN_IDENTITY = "-";
				CODE_SIGN_STYLE = Automatic;
				COMBINE_HIDPI_IMAGES = YES;
				CURRENT_PROJECT_VERSION = 3;
				DEVELOPMENT_TEAM = D5PLU6T88Y;
				INFOPLIST_FILE = Perky/Info.plist;
				LD_RUNPATH_SEARCH_PATHS = (
					"$(inherited)",
					"@executable_path/../Frameworks",
				);
				MACOSX_DEPLOYMENT_TARGET = 10.14;
				MARKETING_VERSION = 1.2.2;
				PRODUCT_BUNDLE_IDENTIFIER = alekthegenius.Perky;
				PRODUCT_NAME = "$(TARGET_NAME)";
				SWIFT_VERSION = 5.0;
			};
			name = Debug;
		};
		74DEF8C626BA0048007362C7 /* Release */ = {
			isa = XCBuildConfiguration;
			buildSettings = {
				ASSETCATALOG_COMPILER_APPICON_NAME = AppIcon;
				ASSETCATALOG_COMPILER_GLOBAL_ACCENT_COLOR_NAME = AccentColor;
				CODE_SIGN_ENTITLEMENTS = Perky/Perky.entitlements;
				CODE_SIGN_IDENTITY = "-";
				CODE_SIGN_STYLE = Automatic;
				COMBINE_HIDPI_IMAGES = YES;
				CURRENT_PROJECT_VERSION = 3;
				DEVELOPMENT_TEAM = D5PLU6T88Y;
				INFOPLIST_FILE = Perky/Info.plist;
				LD_RUNPATH_SEARCH_PATHS = (
					"$(inherited)",
					"@executable_path/../Frameworks",
				);
				MACOSX_DEPLOYMENT_TARGET = 10.14;
				MARKETING_VERSION = 1.2.2;
				PRODUCT_BUNDLE_IDENTIFIER = alekthegenius.Perky;
				PRODUCT_NAME = "$(TARGET_NAME)";
				SWIFT_VERSION = 5.0;
			};
			name = Release;
		};
/* End XCBuildConfiguration section */

/* Begin XCConfigurationList section */
		74DEF8AF26BA0043007362C7 /* Build configuration list for PBXProject "Perky" */ = {
			isa = XCConfigurationList;
			buildConfigurations = (
				74DEF8C226BA0048007362C7 /* Debug */,
				74DEF8C326BA0048007362C7 /* Release */,
			);
			defaultConfigurationIsVisible = 0;
			defaultConfigurationName = Release;
		};
		74DEF8C426BA0048007362C7 /* Build configuration list for PBXNativeTarget "Perky" */ = {
			isa = XCConfigurationList;
			buildConfigurations = (
				74DEF8C526BA0048007362C7 /* Debug */,
				74DEF8C626BA0048007362C7 /* Release */,
			);
			defaultConfigurationIsVisible = 0;
			defaultConfigurationName = Release;
		};
/* End XCConfigurationList section */

/* Begin XCRemoteSwiftPackageReference section */
		74DEF8CE26BAEBE1007362C7 /* XCRemoteSwiftPackageReference "CaffeineKit" */ = {
			isa = XCRemoteSwiftPackageReference;
			repositoryURL = "https://github.com/jrr6/CaffeineKit";
			requirement = {
				kind = upToNextMajorVersion;
				minimumVersion = 0.3.3;
			};
		};
/* End XCRemoteSwiftPackageReference section */

/* Begin XCSwiftPackageProductDependency section */
		74DEF8CF26BAEBE1007362C7 /* CaffeineKit */ = {
			isa = XCSwiftPackageProductDependency;
			package = 74DEF8CE26BAEBE1007362C7 /* XCRemoteSwiftPackageReference "CaffeineKit" */;
			productName = CaffeineKit;
		};
/* End XCSwiftPackageProductDependency section */
	};
	rootObject = 74DEF8AC26BA0043007362C7 /* Project object */;
}
